schema: '2.0'
stages:
  dataset_download:
    cmd: python src/dataset_downloading.py
    params:
      params.yaml:
        dataset_download.path: kraina/text2tile
        dataset_download.split: train[:5]
    outs:
    - path: data/dataset/input
      hash: md5
      md5: 1febfefa6529d16c2287a79c8768f2d1.dir
      size: 82007
      nfiles: 3
  captioning:
    cmd: pdm run src/captioning.py
    params:
      params.yaml:
        captioning.model: gpt-4o-mini
        captioning.prompt_template: basic
        captioning.provider: openai
    outs:
    - path: data/dataset/output
      hash: md5
      md5: 10885476394e2c794345b1c36c017361.dir
      size: 89298
      nfiles: 3
